
Microsoft Visual Studio Solution File, Format Version 12.00
# Visual Studio 2013
VisualStudioVersion = 12.0.21005.1
MinimumVisualStudioVersion = 10.0.40219.1
Project("{FAE04EC0-301F-11D3-BF4B-00C04F79EFBC}") = "apcrshr_site", "apcrshr_site\apcrshr_site.csproj", "{C1D16B5C-677D-4FDB-84A4-8B8C73A5213D}"
EndProject
Project("{FAE04EC0-301F-11D3-BF4B-00C04F79EFBC}") = "Site.Core.Common.Ultil", "Site.Core.Common.Ultil\Site.Core.Common.Ultil.csproj", "{930CEDE8-C490-460C-9CA4-47B84BFE0FF7}"
EndProject
Project("{FAE04EC0-301F-11D3-BF4B-00C04F79EFBC}") = "Site.Core.DataModel", "Site.Core.DataModel\Site.Core.DataModel.csproj", "{32A0CABD-78F7-48A0-A7E2-8D8EF36743F5}"
EndProject
Project("{FAE04EC0-301F-11D3-BF4B-00C04F79EFBC}") = "Site.Core.Repository", "Site.Core.Repository\Site.Core.Repository.csproj", "{F800B0E4-539F-4D5A-9157-1A267558E903}"
EndProject
Project("{FAE04EC0-301F-11D3-BF4B-00C04F79EFBC}") = "Site.Core.Service.Contract", "Site.Core.Service.Contract\Site.Core.Service.Contract.csproj", "{69424523-0025-41A7-85BC-248307B52457}"
EndProject
Project("{FAE04EC0-301F-11D3-BF4B-00C04F79EFBC}") = "Site.Core.Service.Implementation", "Site.Core.Service.Implementation\Site.Core.Service.Implementation.csproj", "{A1CCB1F4-88C8-4184-AECB-F77FCCCED34B}"
EndProject
Global
	GlobalSection(SolutionConfigurationPlatforms) = preSolution
		Debug|Any CPU = Debug|Any CPU
		Release|Any CPU = Release|Any CPU
	EndGlobalSection
	GlobalSection(ProjectConfigurationPlatforms) = postSolution
		{C1D16B5C-677D-4FDB-84A4-8B8C73A5213D}.Debug|Any CPU.ActiveCfg = Debug|Any CPU
		{C1D16B5C-677D-4FDB-84A4-8B8C73A5213D}.Debug|Any CPU.Build.0 = Debug|Any CPU
		{C1D16B5C-677D-4FDB-84A4-8B8C73A5213D}.Release|Any CPU.ActiveCfg = Release|Any CPU
		{C1D16B5C-677D-4FDB-84A4-8B8C73A5213D}.Release|Any CPU.Build.0 = Release|Any CPU
		{930CEDE8-C490-460C-9CA4-47B84BFE0FF7}.Debug|Any CPU.ActiveCfg = Debug|Any CPU
		{930CEDE8-C490-460C-9CA4-47B84BFE0FF7}.Debug|Any CPU.Build.0 = Debug|Any CPU
		{930CEDE8-C490-460C-9CA4-47B84BFE0FF7}.Release|Any CPU.ActiveCfg = Release|Any CPU
		{930CEDE8-C490-460C-9CA4-47B84BFE0FF7}.Release|Any CPU.Build.0 = Release|Any CPU
		{32A0CABD-78F7-48A0-A7E2-8D8EF36743F5}.Debug|Any CPU.ActiveCfg = Debug|Any CPU
		{32A0CABD-78F7-48A0-A7E2-8D8EF36743F5}.Debug|Any CPU.Build.0 = Debug|Any CPU
		{32A0CABD-78F7-48A0-A7E2-8D8EF36743F5}.Release|Any CPU.ActiveCfg = Release|Any CPU
		{32A0CABD-78F7-48A0-A7E2-8D8EF36743F5}.Release|Any CPU.Build.0 = Release|Any CPU
		{F800B0E4-539F-4D5A-9157-1A267558E903}.Debug|Any CPU.ActiveCfg = Debug|Any CPU
		{F800B0E4-539F-4D5A-9157-1A267558E903}.Debug|Any CPU.Build.0 = Debug|Any CPU
		{F800B0E4-539F-4D5A-9157-1A267558E903}.Release|Any CPU.ActiveCfg = Release|Any CPU
		{F800B0E4-539F-4D5A-9157-1A267558E903}.Release|Any CPU.Build.0 = Release|Any CPU
		{69424523-0025-41A7-85BC-248307B52457}.Debug|Any CPU.ActiveCfg = Debug|Any CPU
		{69424523-0025-41A7-85BC-248307B52457}.Debug|Any CPU.Build.0 = Debug|Any CPU
		{69424523-0025-41A7-85BC-248307B52457}.Release|Any CPU.ActiveCfg = Release|Any CPU
		{69424523-0025-41A7-85BC-248307B52457}.Release|Any CPU.Build.0 = Release|Any CPU
		{A1CCB1F4-88C8-4184-AECB-F77FCCCED34B}.Debug|Any CPU.ActiveCfg = Debug|Any CPU
		{A1CCB1F4-88C8-4184-AECB-F77FCCCED34B}.Debug|Any CPU.Build.0 = Debug|Any CPU
		{A1CCB1F4-88C8-4184-AECB-F77FCCCED34B}.Release|Any CPU.ActiveCfg = Release|Any CPU
		{A1CCB1F4-88C8-4184-AECB-F77FCCCED34B}.Release|Any CPU.Build.0 = Release|Any CPU
	EndGlobalSection
	GlobalSection(SolutionProperties) = preSolution
		HideSolutionNode = FALSE
	EndGlobalSection
EndGlobal
